
Microsoft Visual Studio Solution File, Format Version 12.00
# Visual Studio 15
VisualStudioVersion = 15.0.27703.2026
MinimumVisualStudioVersion = 10.0.40219.1
Project("{FAE04EC0-301F-11D3-BF4B-00C04F79EFBC}") = "LastSundays", "LastSundays\LastSundays.csproj", "{A13900CC-42D9-4494-B6BF-967D05231AAA}"
EndProject
Global
	GlobalSection(SolutionConfigurationPlatforms) = preSolution
		Debug|Any CPU = Debug|Any CPU
		Release|Any CPU = Release|Any CPU
	EndGlobalSection
	GlobalSection(ProjectConfigurationPlatforms) = postSolution
		{A13900CC-42D9-4494-B6BF-967D05231AAA}.Debug|Any CPU.ActiveCfg = Debug|Any CPU
		{A13900CC-42D9-4494-B6BF-967D05231AAA}.Debug|Any CPU.Build.0 = Debug|Any CPU
		{A13900CC-42D9-4494-B6BF-967D05231AAA}.Release|Any CPU.ActiveCfg = Release|Any CPU
		{A13900CC-42D9-4494-B6BF-967D05231AAA}.Release|Any CPU.Build.0 = Release|Any CPU
	EndGlobalSection
	GlobalSection(SolutionProperties) = preSolution
		HideSolutionNode = FALSE
	EndGlobalSection
	GlobalSection(ExtensibilityGlobals) = postSolution
		SolutionGuid = {310032D8-4388-4CEE-BEF2-FC327F962B47}
	EndGlobalSection
EndGlobal
